{
  "name": "nexrender-boilerplate",
  "version": "1.0.0",
  "lockfileVersion": 1,
  "requires": true,
  "dependencies": {
    "@nexrender/action-copy": {
      "version": "1.8.16",
      "resolved": "https://registry.npmjs.org/@nexrender/action-copy/-/action-copy-1.8.16.tgz",
      "integrity": "sha512-RFdkVIeWoehOtYBPua+IN0ItzDrrHCaH/Ms89cAdnhx07O4m+LUIz/SmwMUKh1HkgILlPo186spbdpu0cBdzYw=="
    },
    "@nexrender/action-encode": {
      "version": "1.8.16",
      "resolved": "https://registry.npmjs.org/@nexrender/action-encode/-/action-encode-1.8.16.tgz",
      "integrity": "sha512-L5KBUn2agYoOVve/qOyyM5Al+u+0vcJoUGUM4+gXIp0XunSe0h7xr/uBcgK2k66amdJq7/JdKsWkC1NHK3PnuQ==",
      "requires": {
        "ffmpeg-static": "^2.7.0"
      }
    },
    "@nexrender/core": {
      "version": "1.10.1",
      "resolved": "https://registry.npmjs.org/@nexrender/core/-/core-1.10.1.tgz",
      "integrity": "sha512-JyhWPKn0TClGhSLC6ly0Duw/7p+u9UhNyTCzFqUkXUbbSUDRAbjEBTtNfM6UlsFcHPMxdnvdNsMuRrnttJQ6Kg==",
      "requires": {
        "@nexrender/types": "^1.10.0",
        "data-uri-to-buffer": "^2.0.0",
        "file-uri-to-path": "^1.0.0",
        "mkdirp": "^0.5.1",
        "node-fetch": "^2.3.0",
        "requireg": "^0.2.1"
      }
    },
    "@nexrender/types": {
      "version": "1.10.0",
      "resolved": "https://registry.npmjs.org/@nexrender/types/-/types-1.10.0.tgz",
      "integrity": "sha512-/6Z0UP3g35Tujmp7a0uR6If8BWeMKp7h8NI0JaM2VhKh2py2KgMShPvNQttkqVT7TVXuoSNM4uUcRQkTSzpv9Q==",
      "requires": {
        "nanoid": "^2.0.1"
      }
    },
    "data-uri-to-buffer": {
      "version": "2.0.2",
      "resolved": "https://registry.npmjs.org/data-uri-to-buffer/-/data-uri-to-buffer-2.0.2.tgz",
      "integrity": "sha512-ND9qDTLc6diwj+Xe5cdAgVTbLVdXbtxTJRXRhli8Mowuaan+0EJOtdqJ0QCHNSSPyoXGx9HX2/VMnKeC34AChA=="
    },
    "deep-extend": {
      "version": "0.6.0",
      "resolved": "https://registry.npmjs.org/deep-extend/-/deep-extend-0.6.0.tgz",
      "integrity": "sha512-LOHxIOaPYdHlJRtCQfDIVZtfw/ufM8+rVj649RIHzcm/vGwQRXFt6OPqIFWsm2XEMrNIEtWR64sY1LEKD2vAOA=="
    },
    "ffmpeg-static": {
      "version": "2.7.0",
      "resolved": "https://registry.npmjs.org/ffmpeg-static/-/ffmpeg-static-2.7.0.tgz",
      "integrity": "sha512-Khjg/4tCBen58ixhXlkRNqs3hUKpTOlGOUrw859M09tdjeMkXyXRQ+YuJjGczRhGO7Y8fHPJZcQ37V/OzvZvjQ=="
    },
    "file-uri-to-path": {
      "version": "1.0.0",
      "resolved": "https://registry.npmjs.org/file-uri-to-path/-/file-uri-to-path-1.0.0.tgz",
      "integrity": "sha512-0Zt+s3L7Vf1biwWZ29aARiVYLx7iMGnEUl9x33fbB/j3jR81u/O2LbqK+Bm1CDSNDKVtJ/YjwY7TUd5SkeLQLw=="
    },
    "ini": {
      "version": "1.3.5",
      "resolved": "https://registry.npmjs.org/ini/-/ini-1.3.5.tgz",
      "integrity": "sha512-RZY5huIKCMRWDUqZlEi72f/lmXKMvuszcMBduliQ3nnWbx9X/ZBQO7DijMEYS9EhHBb2qacRUMtC7svLwe0lcw=="
    },
    "minimist": {
      "version": "0.0.8",
      "resolved": "https://registry.npmjs.org/minimist/-/minimist-0.0.8.tgz",
      "integrity": "sha1-hX/Kv8M5fSYluCKCYuhqp6ARsF0="
    },
    "mkdirp": {
      "version": "0.5.1",
      "resolved": "https://registry.npmjs.org/mkdirp/-/mkdirp-0.5.1.tgz",
      "integrity": "sha1-MAV0OOrGz3+MR2fzhkjWaX11yQM=",
      "requires": {
        "minimist": "0.0.8"
      }
    },
    "nanoid": {
      "version": "2.1.10",
      "resolved": "https://registry.npmjs.org/nanoid/-/nanoid-2.1.10.tgz",
      "integrity": "sha512-ZPUHBAwrQ+BSwVV2Xh6hBOEStTzAf8LgohOY0kk22lDiDdI32582KjVPYCqgqj7834hTunGzwZOB4me9T6ZcnA=="
    },
    "nested-error-stacks": {
      "version": "2.0.1",
      "resolved": "https://registry.npmjs.org/nested-error-stacks/-/nested-error-stacks-2.0.1.tgz",
      "integrity": "sha512-SrQrok4CATudVzBS7coSz26QRSmlK9TzzoFbeKfcPBUFPjcQM9Rqvr/DlJkOrwI/0KcgvMub1n1g5Jt9EgRn4A=="
    },
    "node-fetch": {
      "version": "2.6.0",
      "resolved": "https://registry.npmjs.org/node-fetch/-/node-fetch-2.6.0.tgz",
      "integrity": "sha512-8dG4H5ujfvFiqDmVu9fQ5bOHUC15JMjMY/Zumv26oOvvVJjM67KF8koCWIabKQ1GJIa9r2mMZscBq/TbdOcmNA=="
    },
    "path-parse": {
      "version": "1.0.7",
      "resolved": "https://registry.npmjs.org/path-parse/-/path-parse-1.0.7.tgz",
      "integrity": "sha512-LDJzPVEEEPR+y48z93A0Ed0yXb8pAByGWo/k5YYdYgpY2/2EsOsksJrq7lOHxryrVOn1ejG6oAp8ahvOIQD8sw=="
    },
    "rc": {
      "version": "1.2.8",
      "resolved": "https://registry.npmjs.org/rc/-/rc-1.2.8.tgz",
      "integrity": "sha512-y3bGgqKj3QBdxLbLkomlohkvsA8gdAiUQlSBJnBhfn+BPxg4bc62d8TcBW15wavDfgexCgccckhcZvywyQYPOw==",
      "requires": {
        "deep-extend": "^0.6.0",
        "ini": "~1.3.0",
        "minimist": "^1.2.0",
        "strip-json-comments": "~2.0.1"
      },
      "dependencies": {
        "minimist": {
          "version": "1.2.0",
          "resolved": "https://registry.npmjs.org/minimist/-/minimist-1.2.0.tgz",
          "integrity": "sha1-o1AIsg9BOD7sH7kU9M1d95omQoQ="
        }
      }
    },
    "requireg": {
      "version": "0.2.2",
      "resolved": "https://registry.npmjs.org/requireg/-/requireg-0.2.2.tgz",
      "integrity": "sha512-nYzyjnFcPNGR3lx9lwPPPnuQxv6JWEZd2Ci0u9opN7N5zUEPIhY/GbL3vMGOr2UXwEg9WwSyV9X9Y/kLFgPsOg==",
      "requires": {
        "nested-error-stacks": "~2.0.1",
        "rc": "~1.2.7",
        "resolve": "~1.7.1"
      }
    },
    "resolve": {
      "version": "1.7.1",
      "resolved": "https://registry.npmjs.org/resolve/-/resolve-1.7.1.tgz",
      "integrity": "sha512-c7rwLofp8g1U+h1KNyHL/jicrKg1Ek4q+Lr33AL65uZTinUZHe30D5HlyN5V9NW0JX1D5dXQ4jqW5l7Sy/kGfw==",
      "requires": {
        "path-parse": "^1.0.5"
      }
    },
    "strip-json-comments": {
      "version": "2.0.1",
      "resolved": "https://registry.npmjs.org/strip-json-comments/-/strip-json-comments-2.0.1.tgz",
      "integrity": "sha1-PFMZQukIwml8DsNEhYwobHygpgo="
    }
  }
}
